
Microsoft Visual Studio Solution File, Format Version 12.00
# Visual Studio Version 17
VisualStudioVersion = 17.8.34601.278
MinimumVisualStudioVersion = 10.0.40219.1
Project("{FAE04EC0-301F-11D3-BF4B-00C04F79EFBC}") = "SistemaInventario", "SistemaInventario\SistemaInventario.csproj", "{CE92C7BA-D922-48C1-B49F-916577911047}"
EndProject
Global
	GlobalSection(SolutionConfigurationPlatforms) = preSolution
		Debug|Any CPU = Debug|Any CPU
		Release|Any CPU = Release|Any CPU
	EndGlobalSection
	GlobalSection(ProjectConfigurationPlatforms) = postSolution
		{CE92C7BA-D922-48C1-B49F-916577911047}.Debug|Any CPU.ActiveCfg = Debug|Any CPU
		{CE92C7BA-D922-48C1-B49F-916577911047}.Debug|Any CPU.Build.0 = Debug|Any CPU
		{CE92C7BA-D922-48C1-B49F-916577911047}.Release|Any CPU.ActiveCfg = Release|Any CPU
		{CE92C7BA-D922-48C1-B49F-916577911047}.Release|Any CPU.Build.0 = Release|Any CPU
	EndGlobalSection
	GlobalSection(SolutionProperties) = preSolution
		HideSolutionNode = FALSE
	EndGlobalSection
	GlobalSection(ExtensibilityGlobals) = postSolution
		SolutionGuid = {362A14BF-7D03-4695-85B1-75C056AC9673}
	EndGlobalSection
EndGlobal
